// !$*UTF8*$!
{
	archiveVersion = 1;
	classes = {
	};
	objectVersion = 48;
	objects = {

/* Begin PBXBuildFile section */
		7166D3DB1FFC7E7600D87A4C /* AppDelegate.swift in Sources */ = {isa = PBXBuildFile; fileRef = 7166D3DA1FFC7E7600D87A4C /* AppDelegate.swift */; };
		7166D3E01FFC7E7600D87A4C /* Main.storyboard in Resources */ = {isa = PBXBuildFile; fileRef = 7166D3DE1FFC7E7600D87A4C /* Main.storyboard */; };
		7166D3E21FFC7E7600D87A4C /* Assets.xcassets in Resources */ = {isa = PBXBuildFile; fileRef = 7166D3E11FFC7E7600D87A4C /* Assets.xcassets */; };
		7166D3E51FFC7E7600D87A4C /* LaunchScreen.storyboard in Resources */ = {isa = PBXBuildFile; fileRef = 7166D3E31FFC7E7600D87A4C /* LaunchScreen.storyboard */; };
		7166D3ED1FFC7F0F00D87A4C /* MainViewController.swift in Sources */ = {isa = PBXBuildFile; fileRef = 7166D3EC1FFC7F0F00D87A4C /* MainViewController.swift */; };
		7166D3F31FFC7FD500D87A4C /* FilesViewController.swift in Sources */ = {isa = PBXBuildFile; fileRef = 7166D3F21FFC7FD500D87A4C /* FilesViewController.swift */; };
		7166D3F51FFC815200D87A4C /* Constants.swift in Sources */ = {isa = PBXBuildFile; fileRef = 7166D3F41FFC815200D87A4C /* Constants.swift */; };
		7166D4011FFC8A0100D87A4C /* objective-c-for-swift-developers.pdf in Resources */ = {isa = PBXBuildFile; fileRef = 7166D3F61FFC8A0000D87A4C /* objective-c-for-swift-developers.pdf */; };
		7166D4021FFC8A0100D87A4C /* beyond-code.pdf in Resources */ = {isa = PBXBuildFile; fileRef = 7166D3F71FFC8A0000D87A4C /* beyond-code.pdf */; };
		7166D4031FFC8A0100D87A4C /* pro-swift.pdf in Resources */ = {isa = PBXBuildFile; fileRef = 7166D3F81FFC8A0000D87A4C /* pro-swift.pdf */; };
		7166D4041FFC8A0100D87A4C /* hacking-with-macos.pdf in Resources */ = {isa = PBXBuildFile; fileRef = 7166D3F91FFC8A0000D87A4C /* hacking-with-macos.pdf */; };
		7166D4051FFC8A0100D87A4C /* practical-ios-11.pdf in Resources */ = {isa = PBXBuildFile; fileRef = 7166D3FA1FFC8A0000D87A4C /* practical-ios-11.pdf */; };
		7166D4061FFC8A0100D87A4C /* hacking-with-watchos.pdf in Resources */ = {isa = PBXBuildFile; fileRef = 7166D3FB1FFC8A0000D87A4C /* hacking-with-watchos.pdf */; };
		7166D4071FFC8A0100D87A4C /* hacking-with-tvos.pdf in Resources */ = {isa = PBXBuildFile; fileRef = 7166D3FC1FFC8A0100D87A4C /* hacking-with-tvos.pdf */; };
		7166D4081FFC8A0100D87A4C /* swift-coding-challenges.pdf in Resources */ = {isa = PBXBuildFile; fileRef = 7166D3FD1FFC8A0100D87A4C /* swift-coding-challenges.pdf */; };
		7166D4091FFC8A0100D87A4C /* practical-ios-10.pdf in Resources */ = {isa = PBXBuildFile; fileRef = 7166D3FE1FFC8A0100D87A4C /* practical-ios-10.pdf */; };
		7166D40A1FFC8A0100D87A4C /* server-side-swift.pdf in Resources */ = {isa = PBXBuildFile; fileRef = 7166D3FF1FFC8A0100D87A4C /* server-side-swift.pdf */; };
		7166D40B1FFC8A0100D87A4C /* hacking-with-swift.pdf in Resources */ = {isa = PBXBuildFile; fileRef = 7166D4001FFC8A0100D87A4C /* hacking-with-swift.pdf */; };
		71F6C3AB2006BC37002877AE /* SampleWaterMark.swift in Sources */ = {isa = PBXBuildFile; fileRef = 71F6C3AA2006BC37002877AE /* SampleWaterMark.swift */; };
/* End PBXBuildFile section */

/* Begin PBXFileReference section */
		7166D3D71FFC7E7600D87A4C /* PDFDemo.app */ = {isa = PBXFileReference; explicitFileType = wrapper.application; includeInIndex = 0; path = PDFDemo.app; sourceTree = BUILT_PRODUCTS_DIR; };
		7166D3DA1FFC7E7600D87A4C /* AppDelegate.swift */ = {isa = PBXFileReference; lastKnownFileType = sourcecode.swift; path = AppDelegate.swift; sourceTree = "<group>"; };
		7166D3DF1FFC7E7600D87A4C /* Base */ = {isa = PBXFileReference; lastKnownFileType = file.storyboard; name = Base; path = Base.lproj/Main.storyboard; sourceTree = "<group>"; };
		7166D3E11FFC7E7600D87A4C /* Assets.xcassets */ = {isa = PBXFileReference; lastKnownFileType = folder.assetcatalog; path = Assets.xcassets; sourceTree = "<group>"; };
		7166D3E41FFC7E7600D87A4C /* Base */ = {isa = PBXFileReference; lastKnownFileType = file.storyboard; name = Base; path = Base.lproj/LaunchScreen.storyboard; sourceTree = "<group>"; };
		7166D3E61FFC7E7600D87A4C /* Info.plist */ = {isa = PBXFileReference; lastKnownFileType = text.plist.xml; path = Info.plist; sourceTree = "<group>"; };
		7166D3EC1FFC7F0F00D87A4C /* MainViewController.swift */ = {isa = PBXFileReference; lastKnownFileType = sourcecode.swift; path = MainViewController.swift; sourceTree = "<group>"; };
		7166D3F21FFC7FD500D87A4C /* FilesViewController.swift */ = {isa = PBXFileReference; lastKnownFileType = sourcecode.swift; path = FilesViewController.swift; sourceTree = "<group>"; };
		7166D3F41FFC815200D87A4C /* Constants.swift */ = {isa = PBXFileReference; lastKnownFileType = sourcecode.swift; path = Constants.swift; sourceTree = "<group>"; };
		7166D3F61FFC8A0000D87A4C /* objective-c-for-swift-developers.pdf */ = {isa = PBXFileReference; lastKnownFileType = image.pdf; path = "objective-c-for-swift-developers.pdf"; sourceTree = "<group>"; };
		7166D3F71FFC8A0000D87A4C /* beyond-code.pdf */ = {isa = PBXFileReference; lastKnownFileType = image.pdf; path = "beyond-code.pdf"; sourceTree = "<group>"; };
		7166D3F81FFC8A0000D87A4C /* pro-swift.pdf */ = {isa = PBXFileReference; lastKnownFileType = image.pdf; path = "pro-swift.pdf"; sourceTree = "<group>"; };
		7166D3F91FFC8A0000D87A4C /* hacking-with-macos.pdf */ = {isa = PBXFileReference; lastKnownFileType = image.pdf; path = "hacking-with-macos.pdf"; sourceTree = "<group>"; };
		7166D3FA1FFC8A0000D87A4C /* practical-ios-11.pdf */ = {isa = PBXFileReference; lastKnownFileType = image.pdf; path = "practical-ios-11.pdf"; sourceTree = "<group>"; };
		7166D3FB1FFC8A0000D87A4C /* hacking-with-watchos.pdf */ = {isa = PBXFileReference; lastKnownFileType = image.pdf; path = "hacking-with-watchos.pdf"; sourceTree = "<group>"; };
		7166D3FC1FFC8A0100D87A4C /* hacking-with-tvos.pdf */ = {isa = PBXFileReference; lastKnownFileType = image.pdf; path = "hacking-with-tvos.pdf"; sourceTree = "<group>"; };
		7166D3FD1FFC8A0100D87A4C /* swift-coding-challenges.pdf */ = {isa = PBXFileReference; lastKnownFileType = image.pdf; path = "swift-coding-challenges.pdf"; sourceTree = "<group>"; };
		7166D3FE1FFC8A0100D87A4C /* practical-ios-10.pdf */ = {isa = PBXFileReference; lastKnownFileType = image.pdf; path = "practical-ios-10.pdf"; sourceTree = "<group>"; };
		7166D3FF1FFC8A0100D87A4C /* server-side-swift.pdf */ = {isa = PBXFileReference; lastKnownFileType = image.pdf; path = "server-side-swift.pdf"; sourceTree = "<group>"; };
		7166D4001FFC8A0100D87A4C /* hacking-with-swift.pdf */ = {isa = PBXFileReference; lastKnownFileType = image.pdf; path = "hacking-with-swift.pdf"; sourceTree = "<group>"; };
		71F6C3AA2006BC37002877AE /* SampleWaterMark.swift */ = {isa = PBXFileReference; lastKnownFileType = sourcecode.swift; path = SampleWaterMark.swift; sourceTree = "<group>"; };
/* End PBXFileReference section */

/* Begin PBXFrameworksBuildPhase section */
		7166D3D41FFC7E7600D87A4C /* Frameworks */ = {
			isa = PBXFrameworksBuildPhase;
			buildActionMask = 2147483647;
			files = (
			);
			runOnlyForDeploymentPostprocessing = 0;
		};
/* End PBXFrameworksBuildPhase section */

/* Begin PBXGroup section */
		7166D3CE1FFC7E7600D87A4C = {
			isa = PBXGroup;
			children = (
				7166D3D91FFC7E7600D87A4C /* PDFDemo */,
				7166D3D81FFC7E7600D87A4C /* Products */,
			);
			sourceTree = "<group>";
		};
		7166D3D81FFC7E7600D87A4C /* Products */ = {
			isa = PBXGroup;
			children = (
				7166D3D71FFC7E7600D87A4C /* PDFDemo.app */,
			);
			name = Products;
			sourceTree = "<group>";
		};
		7166D3D91FFC7E7600D87A4C /* PDFDemo */ = {
			isa = PBXGroup;
			children = (
				7166D40C1FFC8A1300D87A4C /* Assets */,
				7166D3F01FFC7F1F00D87A4C /* Model */,
				7166D3EF1FFC7F1900D87A4C /* View */,
				7166D3EE1FFC7F1200D87A4C /* Controller */,
				7166D3DA1FFC7E7600D87A4C /* AppDelegate.swift */,
				7166D3E61FFC7E7600D87A4C /* Info.plist */,
			);
			path = PDFDemo;
			sourceTree = "<group>";
		};
		7166D3EE1FFC7F1200D87A4C /* Controller */ = {
			isa = PBXGroup;
			children = (
				7166D3EC1FFC7F0F00D87A4C /* MainViewController.swift */,
				7166D3F21FFC7FD500D87A4C /* FilesViewController.swift */,
			);
			path = Controller;
			sourceTree = "<group>";
		};
		7166D3EF1FFC7F1900D87A4C /* View */ = {
			isa = PBXGroup;
			children = (
				7166D3DE1FFC7E7600D87A4C /* Main.storyboard */,
				7166D3E31FFC7E7600D87A4C /* LaunchScreen.storyboard */,
				7166D3E11FFC7E7600D87A4C /* Assets.xcassets */,
				71F6C3AA2006BC37002877AE /* SampleWaterMark.swift */,
			);
			path = View;
			sourceTree = "<group>";
		};
		7166D3F01FFC7F1F00D87A4C /* Model */ = {
			isa = PBXGroup;
			children = (
				7166D3F41FFC815200D87A4C /* Constants.swift */,
			);
			path = Model;
			sourceTree = "<group>";
		};
		7166D40C1FFC8A1300D87A4C /* Assets */ = {
			isa = PBXGroup;
			children = (
				7166D3F71FFC8A0000D87A4C /* beyond-code.pdf */,
				7166D3F91FFC8A0000D87A4C /* hacking-with-macos.pdf */,
				7166D4001FFC8A0100D87A4C /* hacking-with-swift.pdf */,
				7166D3FC1FFC8A0100D87A4C /* hacking-with-tvos.pdf */,
				7166D3FB1FFC8A0000D87A4C /* hacking-with-watchos.pdf */,
				7166D3F61FFC8A0000D87A4C /* objective-c-for-swift-developers.pdf */,
				7166D3FE1FFC8A0100D87A4C /* practical-ios-10.pdf */,
				7166D3FA1FFC8A0000D87A4C /* practical-ios-11.pdf */,
				7166D3F81FFC8A0000D87A4C /* pro-swift.pdf */,
				7166D3FF1FFC8A0100D87A4C /* server-side-swift.pdf */,
				7166D3FD1FFC8A0100D87A4C /* swift-coding-challenges.pdf */,
			);
			path = Assets;
			sourceTree = "<group>";
		};
/* End PBXGroup section */

/* Begin PBXNativeTarget section */
		7166D3D61FFC7E7600D87A4C /* PDFDemo */ = {
			isa = PBXNativeTarget;
			buildConfigurationList = 7166D3E91FFC7E7600D87A4C /* Build configuration list for PBXNativeTarget "PDFDemo" */;
			buildPhases = (
				7166D3D31FFC7E7600D87A4C /* Sources */,
				7166D3D41FFC7E7600D87A4C /* Frameworks */,
				7166D3D51FFC7E7600D87A4C /* Resources */,
			);
			buildRules = (
			);
			dependencies = (
			);
			name = PDFDemo;
			productName = PDFDemo;
			productReference = 7166D3D71FFC7E7600D87A4C /* PDFDemo.app */;
			productType = "com.apple.product-type.application";
		};
/* End PBXNativeTarget section */

/* Begin PBXProject section */
		7166D3CF1FFC7E7600D87A4C /* Project object */ = {
			isa = PBXProject;
			attributes = {
				LastSwiftUpdateCheck = 0920;
				LastUpgradeCheck = 0920;
				ORGANIZATIONNAME = "Shawn Roller";
				TargetAttributes = {
					7166D3D61FFC7E7600D87A4C = {
						CreatedOnToolsVersion = 9.2;
						ProvisioningStyle = Automatic;
					};
				};
			};
			buildConfigurationList = 7166D3D21FFC7E7600D87A4C /* Build configuration list for PBXProject "PDFDemo" */;
			compatibilityVersion = "Xcode 8.0";
			developmentRegion = en;
			hasScannedForEncodings = 0;
			knownRegions = (
				en,
				Base,
			);
			mainGroup = 7166D3CE1FFC7E7600D87A4C;
			productRefGroup = 7166D3D81FFC7E7600D87A4C /* Products */;
			projectDirPath = "";
			projectRoot = "";
			targets = (
				7166D3D61FFC7E7600D87A4C /* PDFDemo */,
			);
		};
/* End PBXProject section */

/* Begin PBXResourcesBuildPhase section */
		7166D3D51FFC7E7600D87A4C /* Resources */ = {
			isa = PBXResourcesBuildPhase;
			buildActionMask = 2147483647;
			files = (
				7166D4021FFC8A0100D87A4C /* beyond-code.pdf in Resources */,
				7166D3E51FFC7E7600D87A4C /* LaunchScreen.storyboard in Resources */,
				7166D3E21FFC7E7600D87A4C /* Assets.xcassets in Resources */,
				7166D40A1FFC8A0100D87A4C /* server-side-swift.pdf in Resources */,
				7166D3E01FFC7E7600D87A4C /* Main.storyboard in Resources */,
				7166D4061FFC8A0100D87A4C /* hacking-with-watchos.pdf in Resources */,
				7166D40B1FFC8A0100D87A4C /* hacking-with-swift.pdf in Resources */,
				7166D4091FFC8A0100D87A4C /* practical-ios-10.pdf in Resources */,
				7166D4031FFC8A0100D87A4C /* pro-swift.pdf in Resources */,
				7166D4011FFC8A0100D87A4C /* objective-c-for-swift-developers.pdf in Resources */,
				7166D4051FFC8A0100D87A4C /* practical-ios-11.pdf in Resources */,
				7166D4071FFC8A0100D87A4C /* hacking-with-tvos.pdf in Resources */,
				7166D4041FFC8A0100D87A4C /* hacking-with-macos.pdf in Resources */,
				7166D4081FFC8A0100D87A4C /* swift-coding-challenges.pdf in Resources */,
			);
			runOnlyForDeploymentPostprocessing = 0;
		};
/* End PBXResourcesBuildPhase section */

/* Begin PBXSourcesBuildPhase section */
		7166D3D31FFC7E7600D87A4C /* Sources */ = {
			isa = PBXSourcesBuildPhase;
			buildActionMask = 2147483647;
			files = (
				71F6C3AB2006BC37002877AE /* SampleWaterMark.swift in Sources */,
				7166D3DB1FFC7E7600D87A4C /* AppDelegate.swift in Sources */,
				7166D3F31FFC7FD500D87A4C /* FilesViewController.swift in Sources */,
				7166D3ED1FFC7F0F00D87A4C /* MainViewController.swift in Sources */,
				7166D3F51FFC815200D87A4C /* Constants.swift in Sources */,
			);
			runOnlyForDeploymentPostprocessing = 0;
		};
/* End PBXSourcesBuildPhase section */

/* Begin PBXVariantGroup section */
		7166D3DE1FFC7E7600D87A4C /* Main.storyboard */ = {
			isa = PBXVariantGroup;
			children = (
				7166D3DF1FFC7E7600D87A4C /* Base */,
			);
			name = Main.storyboard;
			sourceTree = "<group>";
		};
		7166D3E31FFC7E7600D87A4C /* LaunchScreen.storyboard */ = {
			isa = PBXVariantGroup;
			children = (
				7166D3E41FFC7E7600D87A4C /* Base */,
			);
			name = LaunchScreen.storyboard;
			sourceTree = "<group>";
		};
/* End PBXVariantGroup section */

/* Begin XCBuildConfiguration section */
		7166D3E71FFC7E7600D87A4C /* Debug */ = {
			isa = XCBuildConfiguration;
			buildSettings = {
				ALWAYS_SEARCH_USER_PATHS = NO;
				CLANG_ANALYZER_NONNULL = YES;
				CLANG_ANALYZER_NUMBER_OBJECT_CONVERSION = YES_AGGRESSIVE;
				CLANG_CXX_LANGUAGE_STANDARD = "gnu++14";
				CLANG_CXX_LIBRARY = "libc++";
				CLANG_ENABLE_MODULES = YES;
				CLANG_ENABLE_OBJC_ARC = YES;
				CLANG_WARN_BLOCK_CAPTURE_AUTORELEASING = YES;
				CLANG_WARN_BOOL_CONVERSION = YES;
				CLANG_WARN_COMMA = YES;
				CLANG_WARN_CONSTANT_CONVERSION = YES;
				CLANG_WARN_DIRECT_OBJC_ISA_USAGE = YES_ERROR;
				CLANG_WARN_DOCUMENTATION_COMMENTS = YES;
				CLANG_WARN_EMPTY_BODY = YES;
				CLANG_WARN_ENUM_CONVERSION = YES;
				CLANG_WARN_INFINITE_RECURSION = YES;
				CLANG_WARN_INT_CONVERSION = YES;
				CLANG_WARN_NON_LITERAL_NULL_CONVERSION = YES;
				CLANG_WARN_OBJC_LITERAL_CONVERSION = YES;
				CLANG_WARN_OBJC_ROOT_CLASS = YES_ERROR;
				CLANG_WARN_RANGE_LOOP_ANALYSIS = YES;
				CLANG_WARN_STRICT_PROTOTYPES = YES;
				CLANG_WARN_SUSPICIOUS_MOVE = YES;
				CLANG_WARN_UNGUARDED_AVAILABILITY = YES_AGGRESSIVE;
				CLANG_WARN_UNREACHABLE_CODE = YES;
				CLANG_WARN__DUPLICATE_METHOD_MATCH = YES;
				CODE_SIGN_IDENTITY = "iPhone Developer";
				COPY_PHASE_STRIP = NO;
				DEBUG_INFORMATION_FORMAT = dwarf;
				ENABLE_STRICT_OBJC_MSGSEND = YES;
				ENABLE_TESTABILITY = YES;
				GCC_C_LANGUAGE_STANDARD = gnu11;
				GCC_DYNAMIC_NO_PIC = NO;
				GCC_NO_COMMON_BLOCKS = YES;
				GCC_OPTIMIZATION_LEVEL = 0;
				GCC_PREPROCESSOR_DEFINITIONS = (
					"DEBUG=1",
					"$(inherited)",
				);
				GCC_WARN_64_TO_32_BIT_CONVERSION = YES;
				GCC_WARN_ABOUT_RETURN_TYPE = YES_ERROR;
				GCC_WARN_UNDECLARED_SELECTOR = YES;
				GCC_WARN_UNINITIALIZED_AUTOS = YES_AGGRESSIVE;
				GCC_WARN_UNUSED_FUNCTION = YES;
				GCC_WARN_UNUSED_VARIABLE = YES;
				IPHONEOS_DEPLOYMENT_TARGET = 11.2;
				MTL_ENABLE_DEBUG_INFO = YES;
				ONLY_ACTIVE_ARCH = YES;
				SDKROOT = iphoneos;
				SWIFT_ACTIVE_COMPILATION_CONDITIONS = DEBUG;
				SWIFT_OPTIMIZATION_LEVEL = "-Onone";
			};
			name = Debug;
		};
		7166D3E81FFC7E7600D87A4C /* Release */ = {
			isa = XCBuildConfiguration;
			buildSettings = {
				ALWAYS_SEARCH_USER_PATHS = NO;
				CLANG_ANALYZER_NONNULL = YES;
				CLANG_ANALYZER_NUMBER_OBJECT_CONVERSION = YES_AGGRESSIVE;
				CLANG_CXX_LANGUAGE_STANDARD = "gnu++14";
				CLANG_CXX_LIBRARY = "libc++";
				CLANG_ENABLE_MODULES = YES;
				CLANG_ENABLE_OBJC_ARC = YES;
				CLANG_WARN_BLOCK_CAPTURE_AUTORELEASING = YES;
				CLANG_WARN_BOOL_CONVERSION = YES;
				CLANG_WARN_COMMA = YES;
				CLANG_WARN_CONSTANT_CONVERSION = YES;
				CLANG_WARN_DIRECT_OBJC_ISA_USAGE = YES_ERROR;
				CLANG_WARN_DOCUMENTATION_COMMENTS = YES;
				CLANG_WARN_EMPTY_BODY = YES;
				CLANG_WARN_ENUM_CONVERSION = YES;
				CLANG_WARN_INFINITE_RECURSION = YES;
				CLANG_WARN_INT_CONVERSION = YES;
				CLANG_WARN_NON_LITERAL_NULL_CONVERSION = YES;
				CLANG_WARN_OBJC_LITERAL_CONVERSION = YES;
				CLANG_WARN_OBJC_ROOT_CLASS = YES_ERROR;
				CLANG_WARN_RANGE_LOOP_ANALYSIS = YES;
				CLANG_WARN_STRICT_PROTOTYPES = YES;
				CLANG_WARN_SUSPICIOUS_MOVE = YES;
				CLANG_WARN_UNGUARDED_AVAILABILITY = YES_AGGRESSIVE;
				CLANG_WARN_UNREACHABLE_CODE = YES;
				CLANG_WARN__DUPLICATE_METHOD_MATCH = YES;
				CODE_SIGN_IDENTITY = "iPhone Developer";
				COPY_PHASE_STRIP = NO;
				DEBUG_INFORMATION_FORMAT = "dwarf-with-dsym";
				ENABLE_NS_ASSERTIONS = NO;
				ENABLE_STRICT_OBJC_MSGSEND = YES;
				GCC_C_LANGUAGE_STANDARD = gnu11;
				GCC_NO_COMMON_BLOCKS = YES;
				GCC_WARN_64_TO_32_BIT_CONVERSION = YES;
				GCC_WARN_ABOUT_RETURN_TYPE = YES_ERROR;
				GCC_WARN_UNDECLARED_SELECTOR = YES;
				GCC_WARN_UNINITIALIZED_AUTOS = YES_AGGRESSIVE;
				GCC_WARN_UNUSED_FUNCTION = YES;
				GCC_WARN_UNUSED_VARIABLE = YES;
				IPHONEOS_DEPLOYMENT_TARGET = 11.2;
				MTL_ENABLE_DEBUG_INFO = NO;
				SDKROOT = iphoneos;
				SWIFT_OPTIMIZATION_LEVEL = "-Owholemodule";
				VALIDATE_PRODUCT = YES;
			};
			name = Release;
		};
		7166D3EA1FFC7E7600D87A4C /* Debug */ = {
			isa = XCBuildConfiguration;
			buildSettings = {
				ASSETCATALOG_COMPILER_APPICON_NAME = AppIcon;
				CODE_SIGN_STYLE = Automatic;
				DEVELOPMENT_TEAM = EWH85CQYYJ;
				INFOPLIST_FILE = PDFDemo/Info.plist;
				LD_RUNPATH_SEARCH_PATHS = "$(inherited) @executable_path/Frameworks";
				PRODUCT_BUNDLE_IDENTIFIER = "com.offensively-bad.PDFDemo";
				PRODUCT_NAME = "$(TARGET_NAME)";
				SWIFT_VERSION = 4.0;
				TARGETED_DEVICE_FAMILY = "1,2";
			};
			name = Debug;
		};
		7166D3EB1FFC7E7600D87A4C /* Release */ = {
			isa = XCBuildConfiguration;
			buildSettings = {
				ASSETCATALOG_COMPILER_APPICON_NAME = AppIcon;
				CODE_SIGN_STYLE = Automatic;
				DEVELOPMENT_TEAM = EWH85CQYYJ;
				INFOPLIST_FILE = PDFDemo/Info.plist;
				LD_RUNPATH_SEARCH_PATHS = "$(inherited) @executable_path/Frameworks";
				PRODUCT_BUNDLE_IDENTIFIER = "com.offensively-bad.PDFDemo";
				PRODUCT_NAME = "$(TARGET_NAME)";
				SWIFT_VERSION = 4.0;
				TARGETED_DEVICE_FAMILY = "1,2";
			};
			name = Release;
		};
/* End XCBuildConfiguration section */

/* Begin XCConfigurationList section */
		7166D3D21FFC7E7600D87A4C /* Build configuration list for PBXProject "PDFDemo" */ = {
			isa = XCConfigurationList;
			buildConfigurations = (
				7166D3E71FFC7E7600D87A4C /* Debug */,
				7166D3E81FFC7E7600D87A4C /* Release */,
			);
			defaultConfigurationIsVisible = 0;
			defaultConfigurationName = Release;
		};
		7166D3E91FFC7E7600D87A4C /* Build configuration list for PBXNativeTarget "PDFDemo" */ = {
			isa = XCConfigurationList;
			buildConfigurations = (
				7166D3EA1FFC7E7600D87A4C /* Debug */,
				7166D3EB1FFC7E7600D87A4C /* Release */,
			);
			defaultConfigurationIsVisible = 0;
			defaultConfigurationName = Release;
		};
/* End XCConfigurationList section */
	};
	rootObject = 7166D3CF1FFC7E7600D87A4C /* Project object */;
}
